
Microsoft Visual Studio Solution File, Format Version 12.00
# Visual Studio Version 16
VisualStudioVersion = 16.0.31624.102
MinimumVisualStudioVersion = 10.0.40219.1
Project("{FAE04EC0-301F-11D3-BF4B-00C04F79EFBC}") = "HoangNhatMinh_2019601026", "HoangNhatMinh_2019601026.csproj", "{1CBBE459-03F7-4116-A7AE-52BCFE801028}"
EndProject
Global
	GlobalSection(SolutionConfigurationPlatforms) = preSolution
		Debug|Any CPU = Debug|Any CPU
		Release|Any CPU = Release|Any CPU
	EndGlobalSection
	GlobalSection(ProjectConfigurationPlatforms) = postSolution
		{1CBBE459-03F7-4116-A7AE-52BCFE801028}.Debug|Any CPU.ActiveCfg = Debug|Any CPU
		{1CBBE459-03F7-4116-A7AE-52BCFE801028}.Debug|Any CPU.Build.0 = Debug|Any CPU
		{1CBBE459-03F7-4116-A7AE-52BCFE801028}.Release|Any CPU.ActiveCfg = Release|Any CPU
		{1CBBE459-03F7-4116-A7AE-52BCFE801028}.Release|Any CPU.Build.0 = Release|Any CPU
	EndGlobalSection
	GlobalSection(SolutionProperties) = preSolution
		HideSolutionNode = FALSE
	EndGlobalSection
	GlobalSection(ExtensibilityGlobals) = postSolution
		SolutionGuid = {DAFE62BA-D3CA-46A3-8695-01B50435726D}
	EndGlobalSection
EndGlobal
